
Microsoft Visual Studio Solution File, Format Version 12.00
# Visual Studio 14
VisualStudioVersion = 14.0.24720.0
MinimumVisualStudioVersion = 10.0.40219.1
Project("{FAE04EC0-301F-11D3-BF4B-00C04F79EFBC}") = "EverestFoodCafe", "EverestFoodCafe\EverestFoodCafe.csproj", "{489FA169-7CCB-4275-9953-CAFFBEC8E53B}"
EndProject
Project("{FAE04EC0-301F-11D3-BF4B-00C04F79EFBC}") = "EverestFoodCafe.Domain", "EverestFoodCafe.Domain\EverestFoodCafe.Domain.csproj", "{8C9448EC-2229-4610-BA81-4BA120119008}"
EndProject
Global
	GlobalSection(SolutionConfigurationPlatforms) = preSolution
		Debug|Any CPU = Debug|Any CPU
		Release|Any CPU = Release|Any CPU
	EndGlobalSection
	GlobalSection(ProjectConfigurationPlatforms) = postSolution
		{489FA169-7CCB-4275-9953-CAFFBEC8E53B}.Debug|Any CPU.ActiveCfg = Debug|Any CPU
		{489FA169-7CCB-4275-9953-CAFFBEC8E53B}.Debug|Any CPU.Build.0 = Debug|Any CPU
		{489FA169-7CCB-4275-9953-CAFFBEC8E53B}.Release|Any CPU.ActiveCfg = Release|Any CPU
		{489FA169-7CCB-4275-9953-CAFFBEC8E53B}.Release|Any CPU.Build.0 = Release|Any CPU
		{8C9448EC-2229-4610-BA81-4BA120119008}.Debug|Any CPU.ActiveCfg = Debug|Any CPU
		{8C9448EC-2229-4610-BA81-4BA120119008}.Debug|Any CPU.Build.0 = Debug|Any CPU
		{8C9448EC-2229-4610-BA81-4BA120119008}.Release|Any CPU.ActiveCfg = Release|Any CPU
		{8C9448EC-2229-4610-BA81-4BA120119008}.Release|Any CPU.Build.0 = Release|Any CPU
	EndGlobalSection
	GlobalSection(SolutionProperties) = preSolution
		HideSolutionNode = FALSE
	EndGlobalSection
EndGlobal
